
Microsoft Visual Studio Solution File, Format Version 12.00
# Visual Studio 2013
VisualStudioVersion = 12.0.21005.1
MinimumVisualStudioVersion = 10.0.40219.1
Project("{FAE04EC0-301F-11D3-BF4B-00C04F79EFBC}") = "Pet Shop", "Pet Shop\Pet Shop.csproj", "{A7A22F69-202A-45C4-A078-3F2130BD5C30}"
EndProject
Global
	GlobalSection(SolutionConfigurationPlatforms) = preSolution
		Debug|Any CPU = Debug|Any CPU
		Release|Any CPU = Release|Any CPU
	EndGlobalSection
	GlobalSection(ProjectConfigurationPlatforms) = postSolution
		{A7A22F69-202A-45C4-A078-3F2130BD5C30}.Debug|Any CPU.ActiveCfg = Debug|Any CPU
		{A7A22F69-202A-45C4-A078-3F2130BD5C30}.Debug|Any CPU.Build.0 = Debug|Any CPU
		{A7A22F69-202A-45C4-A078-3F2130BD5C30}.Release|Any CPU.ActiveCfg = Release|Any CPU
		{A7A22F69-202A-45C4-A078-3F2130BD5C30}.Release|Any CPU.Build.0 = Release|Any CPU
	EndGlobalSection
	GlobalSection(SolutionProperties) = preSolution
		HideSolutionNode = FALSE
	EndGlobalSection
EndGlobal
